{
  "version": 4,
  "terraform_version": "1.14.9",
  "serial": 7,
  "lineage": "3b9244b8-f25c-813d-3199-047790e8af01",
  "outputs": {},
  "resources": [
    {
      "mode": "managed",
      "type": "aws_security_group",
      "name": "allow_tls",
      "provider": "provider[\"registry.terraform.io/hashicorp/aws\"]",
      "instances": [
        {
          "schema_version": 1,
          "attributes": {
            "arn": "arn:aws:ec2:ap-south-1:893471991917:security-group/sg-024f8815373e77ec1",
            "description": "managed from terraform",
            "egress": [],
            "id": "sg-024f8815373e77ec1",
            "ingress": [
              {
                "cidr_blocks": [
                  "200.20.30.50/32"
                ],
                "description": "",
                "from_port": 21,
                "ipv6_cidr_blocks": [],
                "prefix_list_ids": [],
                "protocol": "tcp",
                "security_groups": [],
                "self": false,
                "to_port": 21
              },
              {
                "cidr_blocks": [
                  "200.20.30.50/32"
                ],
                "description": "",
                "from_port": 22,
                "ipv6_cidr_blocks": [],
                "prefix_list_ids": [],
                "protocol": "tcp",
                "security_groups": [],
                "self": false,
                "to_port": 22
              },
              {
                "cidr_blocks": [
                  "200.20.30.50/32"
                ],
                "description": "",
                "from_port": 8080,
                "ipv6_cidr_blocks": [],
                "prefix_list_ids": [],
                "protocol": "tcp",
                "security_groups": [],
                "self": false,
                "to_port": 8080
              }
            ],
            "name": "terraform-firewall-new",
            "name_prefix": "",
            "owner_id": "893471991917",
            "region": "ap-south-1",
            "revoke_rules_on_delete": false,
            "tags": {},
            "tags_all": {},
            "timeouts": null,
            "vpc_id": "vpc-0a2e24372cc091cae"
          },
          "sensitive_attributes": [],
          "identity_schema_version": 0,
          "identity": {
            "account_id": "893471991917",
            "id": "sg-024f8815373e77ec1",
            "region": "ap-south-1"
          },
          "private": "eyJlMmJmYjczMC1lY2FhLTExZTYtOGY4OC0zNDM2M2JjN2M0YzAiOnsiY3JlYXRlIjo2MDAwMDAwMDAwMDAsImRlbGV0ZSI6OTAwMDAwMDAwMDAwfSwic2NoZW1hX3ZlcnNpb24iOiIxIn0="
        }
      ]
    },
    {
      "mode": "managed",
      "type": "aws_vpc_security_group_ingress_rule",
      "name": "allow_app_port",
      "provider": "provider[\"registry.terraform.io/hashicorp/aws\"]",
      "instances": [
        {
          "schema_version": 0,
          "attributes": {
            "arn": "arn:aws:ec2:ap-south-1:893471991917:security-group-rule/sgr-0610ecb6c77bcec0e",
            "cidr_ipv4": "200.20.30.50/32",
            "cidr_ipv6": null,
            "description": null,
            "from_port": 8080,
            "id": "sgr-0610ecb6c77bcec0e",
            "ip_protocol": "tcp",
            "prefix_list_id": null,
            "referenced_security_group_id": null,
            "region": "ap-south-1",
            "security_group_id": "sg-024f8815373e77ec1",
            "security_group_rule_id": "sgr-0610ecb6c77bcec0e",
            "tags": null,
            "tags_all": {},
            "to_port": 8080
          },
          "sensitive_attributes": [],
          "identity_schema_version": 0,
          "identity": {
            "account_id": "893471991917",
            "id": "sgr-0610ecb6c77bcec0e",
            "region": "ap-south-1"
          },
          "dependencies": [
            "aws_security_group.allow_tls"
          ]
        }
      ]
    },
    {
      "mode": "managed",
      "type": "aws_vpc_security_group_ingress_rule",
      "name": "allow_ftp_port",
      "provider": "provider[\"registry.terraform.io/hashicorp/aws\"]",
      "instances": [
        {
          "schema_version": 0,
          "attributes": {
            "arn": "arn:aws:ec2:ap-south-1:893471991917:security-group-rule/sgr-0e5e9b82821de0e7e",
            "cidr_ipv4": "200.20.30.50/32",
            "cidr_ipv6": null,
            "description": null,
            "from_port": 21,
            "id": "sgr-0e5e9b82821de0e7e",
            "ip_protocol": "tcp",
            "prefix_list_id": null,
            "referenced_security_group_id": null,
            "region": "ap-south-1",
            "security_group_id": "sg-024f8815373e77ec1",
            "security_group_rule_id": "sgr-0e5e9b82821de0e7e",
            "tags": null,
            "tags_all": {},
            "to_port": 21
          },
          "sensitive_attributes": [],
          "identity_schema_version": 0,
          "identity": {
            "account_id": "893471991917",
            "id": "sgr-0e5e9b82821de0e7e",
            "region": "ap-south-1"
          },
          "dependencies": [
            "aws_security_group.allow_tls"
          ]
        }
      ]
    },
    {
      "mode": "managed",
      "type": "aws_vpc_security_group_ingress_rule",
      "name": "allow_ssh_port",
      "provider": "provider[\"registry.terraform.io/hashicorp/aws\"]",
      "instances": [
        {
          "schema_version": 0,
          "attributes": {
            "arn": "arn:aws:ec2:ap-south-1:893471991917:security-group-rule/sgr-052654a52dc267bd8",
            "cidr_ipv4": "200.20.30.50/32",
            "cidr_ipv6": null,
            "description": null,
            "from_port": 22,
            "id": "sgr-052654a52dc267bd8",
            "ip_protocol": "tcp",
            "prefix_list_id": null,
            "referenced_security_group_id": null,
            "region": "ap-south-1",
            "security_group_id": "sg-024f8815373e77ec1",
            "security_group_rule_id": "sgr-052654a52dc267bd8",
            "tags": null,
            "tags_all": {},
            "to_port": 22
          },
          "sensitive_attributes": [],
          "identity_schema_version": 0,
          "identity": {
            "account_id": "893471991917",
            "id": "sgr-052654a52dc267bd8",
            "region": "ap-south-1"
          },
          "dependencies": [
            "aws_security_group.allow_tls"
          ]
        }
      ]
    }
  ],
  "check_results": null
}
